Microsoft Visual Studio Solution File, Format Version 11.00
# Visual Studio 2008

Project("{361A8AF5-8719-AC2A-7637-2A71B4B0ACCD}") = "Ball Balance Game Demo", "Assembly-CSharp.csproj", "{11F5CE1B-3CBD-1492-2E09-8DF2B5DCE40D}"
EndProject
Global
	GlobalSection(SolutionConfigurationPlatforms) = preSolution
		Debug|Any CPU = Debug|Any CPU
		Release|Any CPU = Release|Any CPU
	EndGlobalSection
	GlobalSection(ProjectConfigurationPlatforms) = postSolution
		{11F5CE1B-3CBD-1492-2E09-8DF2B5DCE40D}.Debug|Any CPU.ActiveCfg = Debug|Any CPU
		{11F5CE1B-3CBD-1492-2E09-8DF2B5DCE40D}.Debug|Any CPU.Build.0 = Debug|Any CPU
		{11F5CE1B-3CBD-1492-2E09-8DF2B5DCE40D}.Release|Any CPU.ActiveCfg = Release|Any CPU
		{11F5CE1B-3CBD-1492-2E09-8DF2B5DCE40D}.Release|Any CPU.Build.0 = Release|Any CPU
	EndGlobalSection
	GlobalSection(SolutionProperties) = preSolution
		HideSolutionNode = FALSE
	EndGlobalSection
	GlobalSection(MonoDevelopProperties) = preSolution
		StartupItem = Assembly-CSharp.csproj
	EndGlobalSection
EndGlobal
